<?xml version="1.0" encoding="utf-8"?>
<Project ToolsVersion="4.0" xmlns="http://schemas.microsoft.com/developer/msbuild/2003">
  <ItemGroup>
    <Filter Include=".vs">
      <UniqueIdentifier>{3C86870B-A88F-877C-310B-9E7C9D13937C}</UniqueIdentifier>
    </Filter>
    <Filter Include=".vs\src">
      <UniqueIdentifier>{530234F4-BFE1-B28F-C8F9-3D66345819F1}</UniqueIdentifier>
    </Filter>
    <Filter Include=".vs\src\FileContentIndex">
      <UniqueIdentifier>{955EDFD9-8183-2E5A-AACE-13EA96522D78}</UniqueIdentifier>
    </Filter>
    <Filter Include=".vs\src\v17">
      <UniqueIdentifier>{20B65E18-8C6B-D70D-1560-D1E48114CE11}</UniqueIdentifier>
    </Filter>
    <Filter Include=".vs\src\v17\ipch">
      <UniqueIdentifier>{338733DC-1F80-522E-48B2-37B3340A323A}</UniqueIdentifier>
    </Filter>
    <Filter Include=".vs\src\v17\ipch\AutoPCH">
      <UniqueIdentifier>{D6739138-C298-E0B8-EBE3-C548D767DFD6}</UniqueIdentifier>
    </Filter>
    <Filter Include=".vs\src\v17\ipch\AutoPCH\d3a6d3e4d98f2c9a">
      <UniqueIdentifier>{AD9243E1-19AD-A682-62CF-B616CE28CE89}</UniqueIdentifier>
    </Filter>
  </ItemGroup>
  <ItemGroup>
    <ClInclude Include="..\src\GameManager.h" />
    <ClInclude Include="..\src\GuessMyNumber.h" />
    <ClInclude Include="..\src\Input.h" />
    <ClInclude Include="..\src\Keys.h" />
    <ClInclude Include="..\src\Main.h" />
    <ClInclude Include="..\src\Music.h" />
    <ClInclude Include="..\src\Player.h" />
    <ClInclude Include="..\src\Save.h" />
    <ClInclude Include="..\src\Screen.h" />
    <ClInclude Include="..\src\Sound.h" />
    <ClInclude Include="..\src\Text.h" />
    <ClInclude Include="..\src\Texture.h" />
    <ClInclude Include="..\src\Vector.h" />
  </ItemGroup>
  <ItemGroup>
    <ClCompile Include="..\src\GameManager.cpp" />
    <ClCompile Include="..\src\GuessMyNumber.cpp" />
    <ClCompile Include="..\src\Input.cpp" />
    <ClCompile Include="..\src\Keys.cpp" />
    <ClCompile Include="..\src\Main.cpp" />
    <ClCompile Include="..\src\Music.cpp" />
    <ClCompile Include="..\src\Player.cpp" />
    <ClCompile Include="..\src\Save.cpp" />
    <ClCompile Include="..\src\Screen.cpp" />
    <ClCompile Include="..\src\Sound.cpp" />
    <ClCompile Include="..\src\Text.cpp" />
    <ClCompile Include="..\src\Texture.cpp" />
  </ItemGroup>
  <ItemGroup>
    <None Include="..\src\.vs\ProjectSettings.json">
      <Filter>.vs</Filter>
    </None>
    <None Include="..\src\.vs\VSWorkspaceState.json">
      <Filter>.vs</Filter>
    </None>
    <None Include="..\src\.vs\slnx.sqlite">
      <Filter>.vs</Filter>
    </None>
    <None Include="..\src\.vs\src\FileContentIndex\6b0b8650-e71b-4218-acea-f87a5d38c18b.vsidx">
      <Filter>.vs\src\FileContentIndex</Filter>
    </None>
    <None Include="..\src\.vs\src\FileContentIndex\read.lock">
      <Filter>.vs\src\FileContentIndex</Filter>
    </None>
    <None Include="..\src\.vs\src\v17\.suo">
      <Filter>.vs\src\v17</Filter>
    </None>
    <None Include="..\src\.vs\src\v17\Browse.VC.db">
      <Filter>.vs\src\v17</Filter>
    </None>
    <None Include="..\src\.vs\src\v17\ipch\AutoPCH\d3a6d3e4d98f2c9a\GUESSMYNUMBER.ipch">
      <Filter>.vs\src\v17\ipch\AutoPCH\d3a6d3e4d98f2c9a</Filter>
    </None>
    <None Include="..\src\Game Engine1.aps" />
    <None Include="..\src\icon1.ico" />
  </ItemGroup>
</Project>